{
  "name": "zarr-viewer-test",
  "version": "1.0.0",
  "lockfileVersion": 3,
  "requires": true,
  "packages": {
    "": {
      "name": "zarr-viewer-test",
      "version": "1.0.0",
      "license": "ISC",
      "dependencies": {
        "zarrita": "^0.5.1"
      }
    },
    "node_modules/@zarrita/storage": {
      "version": "0.1.1",
      "resolved": "https://registry.npmjs.org/@zarrita/storage/-/storage-0.1.1.tgz",
      "integrity": "sha512-6/NUCvpzsIxfxeMv59jRTl/bOZg3GZfMP6iR8EIqrTaaE0S2jLL/ceX1OxcFBKnuA8/Z2YmgX4SFBHwFGrCcsw==",
      "license": "MIT",
      "dependencies": {
        "reference-spec-reader": "^0.2.0",
        "unzipit": "^1.4.3"
      }
    },
    "node_modules/fflate": {
      "version": "0.8.2",
      "resolved": "https://registry.npmjs.org/fflate/-/fflate-0.8.2.tgz",
      "integrity": "sha512-cPJU47OaAoCbg0pBvzsgpTPhmhqI5eJjh/JIu8tPj5q+T7iLvW/JAYUqmE7KOB4R1ZyEhzBaIQpQpardBF5z8A==",
      "license": "MIT"
    },
    "node_modules/numcodecs": {
      "version": "0.3.2",
      "resolved": "https://registry.npmjs.org/numcodecs/-/numcodecs-0.3.2.tgz",
      "integrity": "sha512-6YSPnmZgg0P87jnNhi3s+FVLOcIn3y+1CTIgUulA3IdASzK9fJM87sUFkpyA+be9GibGRaST2wCgkD+6U+fWKw==",
      "license": "MIT",
      "dependencies": {
        "fflate": "^0.8.0"
      }
    },
    "node_modules/reference-spec-reader": {
      "version": "0.2.0",
      "resolved": "https://registry.npmjs.org/reference-spec-reader/-/reference-spec-reader-0.2.0.tgz",
      "integrity": "sha512-q0mfCi5yZSSHXpCyxjgQeaORq3tvDsxDyzaadA/5+AbAUwRyRuuTh0aRQuE/vAOt/qzzxidJ5iDeu1cLHaNBlQ==",
      "license": "MIT"
    },
    "node_modules/unzipit": {
      "version": "1.4.3",
      "resolved": "https://registry.npmjs.org/unzipit/-/unzipit-1.4.3.tgz",
      "integrity": "sha512-gsq2PdJIWWGhx5kcdWStvNWit9FVdTewm4SEG7gFskWs+XCVaULt9+BwuoBtJiRE8eo3L1IPAOrbByNLtLtIlg==",
      "license": "MIT",
      "dependencies": {
        "uzip-module": "^1.0.2"
      },
      "engines": {
        "node": ">=12"
      }
    },
    "node_modules/uzip-module": {
      "version": "1.0.3",
      "resolved": "https://registry.npmjs.org/uzip-module/-/uzip-module-1.0.3.tgz",
      "integrity": "sha512-AMqwWZaknLM77G+VPYNZLEruMGWGzyigPK3/Whg99B3S6vGHuqsyl5ZrOv1UUF3paGK1U6PM0cnayioaryg/fA==",
      "license": "MIT"
    },
    "node_modules/zarrita": {
      "version": "0.5.1",
      "resolved": "https://registry.npmjs.org/zarrita/-/zarrita-0.5.1.tgz",
      "integrity": "sha512-cyujP70BOl5DiXuLtM+0j9nq/pAov4SKXRYIQQOVnk2TfBg/jopX+FXLbqkq3ULOxFLB5AwkPbSp5KvZXoJrbQ==",
      "license": "MIT",
      "dependencies": {
        "@zarrita/storage": "^0.1.1",
        "numcodecs": "^0.3.2"
      }
    }
  }
}
